
Microsoft Visual Studio Solution File, Format Version 12.00
# Visual Studio Version 16
VisualStudioVersion = 16.0.31424.327
MinimumVisualStudioVersion = 10.0.40219.1
Project("{FAE04EC0-301F-11D3-BF4B-00C04F79EFBC}") = "PersonelTakipUygulaması", "PersonelTakipUygulaması\PersonelTakipUygulaması.csproj", "{A0759E10-CAA9-4868-AE64-CBC0D6096163}"
EndProject
Global
	GlobalSection(SolutionConfigurationPlatforms) = preSolution
		Debug|Any CPU = Debug|Any CPU
		Release|Any CPU = Release|Any CPU
	EndGlobalSection
	GlobalSection(ProjectConfigurationPlatforms) = postSolution
		{A0759E10-CAA9-4868-AE64-CBC0D6096163}.Debug|Any CPU.ActiveCfg = Debug|Any CPU
		{A0759E10-CAA9-4868-AE64-CBC0D6096163}.Debug|Any CPU.Build.0 = Debug|Any CPU
		{A0759E10-CAA9-4868-AE64-CBC0D6096163}.Release|Any CPU.ActiveCfg = Release|Any CPU
		{A0759E10-CAA9-4868-AE64-CBC0D6096163}.Release|Any CPU.Build.0 = Release|Any CPU
	EndGlobalSection
	GlobalSection(SolutionProperties) = preSolution
		HideSolutionNode = FALSE
	EndGlobalSection
	GlobalSection(ExtensibilityGlobals) = postSolution
		SolutionGuid = {EF57B1EE-FACF-406C-A0F6-5E3D647D48E7}
	EndGlobalSection
EndGlobal
